
Microsoft Visual Studio Solution File, Format Version 12.00
# Visual Studio Version 17
VisualStudioVersion = 17.6.33801.468
MinimumVisualStudioVersion = 10.0.40219.1
Project("{FAE04EC0-301F-11D3-BF4B-00C04F79EFBC}") = "Operadores Aritmeticos", "Operadores Aritmeticos.csproj", "{1B4ACC16-1258-4E9B-8EAB-B9D4735BF3CF}"
EndProject
Global
	GlobalSection(SolutionConfigurationPlatforms) = preSolution
		Debug|Any CPU = Debug|Any CPU
		Release|Any CPU = Release|Any CPU
	EndGlobalSection
	GlobalSection(ProjectConfigurationPlatforms) = postSolution
		{1B4ACC16-1258-4E9B-8EAB-B9D4735BF3CF}.Debug|Any CPU.ActiveCfg = Debug|Any CPU
		{1B4ACC16-1258-4E9B-8EAB-B9D4735BF3CF}.Debug|Any CPU.Build.0 = Debug|Any CPU
		{1B4ACC16-1258-4E9B-8EAB-B9D4735BF3CF}.Release|Any CPU.ActiveCfg = Release|Any CPU
		{1B4ACC16-1258-4E9B-8EAB-B9D4735BF3CF}.Release|Any CPU.Build.0 = Release|Any CPU
	EndGlobalSection
	GlobalSection(SolutionProperties) = preSolution
		HideSolutionNode = FALSE
	EndGlobalSection
	GlobalSection(ExtensibilityGlobals) = postSolution
		SolutionGuid = {DAFCFC53-5053-492A-B843-E17BED188115}
	EndGlobalSection
EndGlobal
