
Microsoft Visual Studio Solution File, Format Version 12.00
# Visual Studio Version 17
VisualStudioVersion = 17.6.33801.468
MinimumVisualStudioVersion = 10.0.40219.1
Project("{FAE04EC0-301F-11D3-BF4B-00C04F79EFBC}") = "Exception", "Exception.csproj", "{C1E728AC-72E7-496B-BCCC-4B80FF183BAB}"
EndProject
Global
	GlobalSection(SolutionConfigurationPlatforms) = preSolution
		Debug|Any CPU = Debug|Any CPU
		Release|Any CPU = Release|Any CPU
	EndGlobalSection
	GlobalSection(ProjectConfigurationPlatforms) = postSolution
		{C1E728AC-72E7-496B-BCCC-4B80FF183BAB}.Debug|Any CPU.ActiveCfg = Debug|Any CPU
		{C1E728AC-72E7-496B-BCCC-4B80FF183BAB}.Debug|Any CPU.Build.0 = Debug|Any CPU
		{C1E728AC-72E7-496B-BCCC-4B80FF183BAB}.Release|Any CPU.ActiveCfg = Release|Any CPU
		{C1E728AC-72E7-496B-BCCC-4B80FF183BAB}.Release|Any CPU.Build.0 = Release|Any CPU
	EndGlobalSection
	GlobalSection(SolutionProperties) = preSolution
		HideSolutionNode = FALSE
	EndGlobalSection
	GlobalSection(ExtensibilityGlobals) = postSolution
		SolutionGuid = {36ADF7C8-13D9-4518-8CBD-D5B634A1A5FB}
	EndGlobalSection
EndGlobal
