
Microsoft Visual Studio Solution File, Format Version 12.00
# Visual Studio Version 17
VisualStudioVersion = 17.6.33801.468
MinimumVisualStudioVersion = 10.0.40219.1
Project("{FAE04EC0-301F-11D3-BF4B-00C04F79EFBC}") = "Substuir Texto", "Substuir Texto.csproj", "{BA4B7BAF-21B4-443C-B475-1FDEDB2CFDAC}"
EndProject
Global
	GlobalSection(SolutionConfigurationPlatforms) = preSolution
		Debug|Any CPU = Debug|Any CPU
		Release|Any CPU = Release|Any CPU
	EndGlobalSection
	GlobalSection(ProjectConfigurationPlatforms) = postSolution
		{BA4B7BAF-21B4-443C-B475-1FDEDB2CFDAC}.Debug|Any CPU.ActiveCfg = Debug|Any CPU
		{BA4B7BAF-21B4-443C-B475-1FDEDB2CFDAC}.Debug|Any CPU.Build.0 = Debug|Any CPU
		{BA4B7BAF-21B4-443C-B475-1FDEDB2CFDAC}.Release|Any CPU.ActiveCfg = Release|Any CPU
		{BA4B7BAF-21B4-443C-B475-1FDEDB2CFDAC}.Release|Any CPU.Build.0 = Release|Any CPU
	EndGlobalSection
	GlobalSection(SolutionProperties) = preSolution
		HideSolutionNode = FALSE
	EndGlobalSection
	GlobalSection(ExtensibilityGlobals) = postSolution
		SolutionGuid = {091D7C40-9737-4E25-8B8D-7E170DD0F440}
	EndGlobalSection
EndGlobal
